// !$*UTF8*$!
{
	archiveVersion = 1;
	classes = {
	};
	objectVersion = 46;
	objects = {

/* Begin PBXBuildFile section */
		A938C58B1B247D6500BB59B8 /* DataController.swift in Sources */ = {isa = PBXBuildFile; fileRef = A938C58A1B247D6500BB59B8 /* DataController.swift */; };
		A9460AE01B13651B00B213B6 /* DetailViewController.swift in Sources */ = {isa = PBXBuildFile; fileRef = A9460ADF1B13651B00B213B6 /* DetailViewController.swift */; };
		A9B619321B123FDC003563E0 /* AppDelegate.swift in Sources */ = {isa = PBXBuildFile; fileRef = A9B619311B123FDC003563E0 /* AppDelegate.swift */; };
		A9B619341B123FDC003563E0 /* ViewController.swift in Sources */ = {isa = PBXBuildFile; fileRef = A9B619331B123FDC003563E0 /* ViewController.swift */; };
		A9B619371B123FDC003563E0 /* Main.storyboard in Resources */ = {isa = PBXBuildFile; fileRef = A9B619351B123FDC003563E0 /* Main.storyboard */; };
		A9B619391B123FDC003563E0 /* Images.xcassets in Resources */ = {isa = PBXBuildFile; fileRef = A9B619381B123FDC003563E0 /* Images.xcassets */; };
		A9B6193C1B123FDC003563E0 /* LaunchScreen.xib in Resources */ = {isa = PBXBuildFile; fileRef = A9B6193A1B123FDC003563E0 /* LaunchScreen.xib */; };
		A9B619481B123FDC003563E0 /* FoodTrackerTests.swift in Sources */ = {isa = PBXBuildFile; fileRef = A9B619471B123FDC003563E0 /* FoodTrackerTests.swift */; };
		A9E647AF1B25D65B0065BC80 /* FoodTracker.xcdatamodeld in Sources */ = {isa = PBXBuildFile; fileRef = A9E647AD1B25D65B0065BC80 /* FoodTracker.xcdatamodeld */; };
		A9E647B31B2637090065BC80 /* USDAItem.swift in Sources */ = {isa = PBXBuildFile; fileRef = A9E647B21B2637090065BC80 /* USDAItem.swift */; };
/* End PBXBuildFile section */

/* Begin PBXContainerItemProxy section */
		A9B619421B123FDC003563E0 /* PBXContainerItemProxy */ = {
			isa = PBXContainerItemProxy;
			containerPortal = A9B619241B123FDC003563E0 /* Project object */;
			proxyType = 1;
			remoteGlobalIDString = A9B6192B1B123FDC003563E0;
			remoteInfo = FoodTracker;
		};
/* End PBXContainerItemProxy section */

/* Begin PBXFileReference section */
		A938C58A1B247D6500BB59B8 /* DataController.swift */ = {isa = PBXFileReference; fileEncoding = 4; lastKnownFileType = sourcecode.swift; name = DataController.swift; path = ../DataController.swift; sourceTree = "<group>"; };
		A9460ADF1B13651B00B213B6 /* DetailViewController.swift */ = {isa = PBXFileReference; fileEncoding = 4; lastKnownFileType = sourcecode.swift; path = DetailViewController.swift; sourceTree = "<group>"; };
		A9B6192C1B123FDC003563E0 /* FoodTracker.app */ = {isa = PBXFileReference; explicitFileType = wrapper.application; includeInIndex = 0; path = FoodTracker.app; sourceTree = BUILT_PRODUCTS_DIR; };
		A9B619301B123FDC003563E0 /* Info.plist */ = {isa = PBXFileReference; lastKnownFileType = text.plist.xml; path = Info.plist; sourceTree = "<group>"; };
		A9B619311B123FDC003563E0 /* AppDelegate.swift */ = {isa = PBXFileReference; lastKnownFileType = sourcecode.swift; path = AppDelegate.swift; sourceTree = "<group>"; };
		A9B619331B123FDC003563E0 /* ViewController.swift */ = {isa = PBXFileReference; lastKnownFileType = sourcecode.swift; path = ViewController.swift; sourceTree = "<group>"; };
		A9B619361B123FDC003563E0 /* Base */ = {isa = PBXFileReference; lastKnownFileType = file.storyboard; name = Base; path = Base.lproj/Main.storyboard; sourceTree = "<group>"; };
		A9B619381B123FDC003563E0 /* Images.xcassets */ = {isa = PBXFileReference; lastKnownFileType = folder.assetcatalog; path = Images.xcassets; sourceTree = "<group>"; };
		A9B6193B1B123FDC003563E0 /* Base */ = {isa = PBXFileReference; lastKnownFileType = file.xib; name = Base; path = Base.lproj/LaunchScreen.xib; sourceTree = "<group>"; };
		A9B619411B123FDC003563E0 /* FoodTrackerTests.xctest */ = {isa = PBXFileReference; explicitFileType = wrapper.cfbundle; includeInIndex = 0; path = FoodTrackerTests.xctest; sourceTree = BUILT_PRODUCTS_DIR; };
		A9B619461B123FDC003563E0 /* Info.plist */ = {isa = PBXFileReference; lastKnownFileType = text.plist.xml; path = Info.plist; sourceTree = "<group>"; };
		A9B619471B123FDC003563E0 /* FoodTrackerTests.swift */ = {isa = PBXFileReference; lastKnownFileType = sourcecode.swift; path = FoodTrackerTests.swift; sourceTree = "<group>"; };
		A9E647AE1B25D65B0065BC80 /* FoodTracker.xcdatamodel */ = {isa = PBXFileReference; lastKnownFileType = wrapper.xcdatamodel; path = FoodTracker.xcdatamodel; sourceTree = "<group>"; };
		A9E647B21B2637090065BC80 /* USDAItem.swift */ = {isa = PBXFileReference; fileEncoding = 4; lastKnownFileType = sourcecode.swift; name = USDAItem.swift; path = ../USDAItem.swift; sourceTree = "<group>"; };
/* End PBXFileReference section */

/* Begin PBXFrameworksBuildPhase section */
		A9B619291B123FDC003563E0 /* Frameworks */ = {
			isa = PBXFrameworksBuildPhase;
			buildActionMask = 2147483647;
			files = (
			);
			runOnlyForDeploymentPostprocessing = 0;
		};
		A9B6193E1B123FDC003563E0 /* Frameworks */ = {
			isa = PBXFrameworksBuildPhase;
			buildActionMask = 2147483647;
			files = (
			);
			runOnlyForDeploymentPostprocessing = 0;
		};
/* End PBXFrameworksBuildPhase section */

/* Begin PBXGroup section */
		A9B619231B123FDC003563E0 = {
			isa = PBXGroup;
			children = (
				A9B6192E1B123FDC003563E0 /* FoodTracker */,
				A9B619441B123FDC003563E0 /* FoodTrackerTests */,
				A9B6192D1B123FDC003563E0 /* Products */,
			);
			sourceTree = "<group>";
		};
		A9B6192D1B123FDC003563E0 /* Products */ = {
			isa = PBXGroup;
			children = (
				A9B6192C1B123FDC003563E0 /* FoodTracker.app */,
				A9B619411B123FDC003563E0 /* FoodTrackerTests.xctest */,
			);
			name = Products;
			sourceTree = "<group>";
		};
		A9B6192E1B123FDC003563E0 /* FoodTracker */ = {
			isa = PBXGroup;
			children = (
				A9E647B21B2637090065BC80 /* USDAItem.swift */,
				A938C58A1B247D6500BB59B8 /* DataController.swift */,
				A9B619311B123FDC003563E0 /* AppDelegate.swift */,
				A9E647AD1B25D65B0065BC80 /* FoodTracker.xcdatamodeld */,
				A9B619331B123FDC003563E0 /* ViewController.swift */,
				A9B619351B123FDC003563E0 /* Main.storyboard */,
				A9460ADF1B13651B00B213B6 /* DetailViewController.swift */,
				A9B619381B123FDC003563E0 /* Images.xcassets */,
				A9B6193A1B123FDC003563E0 /* LaunchScreen.xib */,
				A9B6192F1B123FDC003563E0 /* Supporting Files */,
			);
			path = FoodTracker;
			sourceTree = "<group>";
		};
		A9B6192F1B123FDC003563E0 /* Supporting Files */ = {
			isa = PBXGroup;
			children = (
				A9B619301B123FDC003563E0 /* Info.plist */,
			);
			name = "Supporting Files";
			sourceTree = "<group>";
		};
		A9B619441B123FDC003563E0 /* FoodTrackerTests */ = {
			isa = PBXGroup;
			children = (
				A9B619471B123FDC003563E0 /* FoodTrackerTests.swift */,
				A9B619451B123FDC003563E0 /* Supporting Files */,
			);
			path = FoodTrackerTests;
			sourceTree = "<group>";
		};
		A9B619451B123FDC003563E0 /* Supporting Files */ = {
			isa = PBXGroup;
			children = (
				A9B619461B123FDC003563E0 /* Info.plist */,
			);
			name = "Supporting Files";
			sourceTree = "<group>";
		};
/* End PBXGroup section */

/* Begin PBXNativeTarget section */
		A9B6192B1B123FDC003563E0 /* FoodTracker */ = {
			isa = PBXNativeTarget;
			buildConfigurationList = A9B6194B1B123FDC003563E0 /* Build configuration list for PBXNativeTarget "FoodTracker" */;
			buildPhases = (
				A9B619281B123FDC003563E0 /* Sources */,
				A9B619291B123FDC003563E0 /* Frameworks */,
				A9B6192A1B123FDC003563E0 /* Resources */,
			);
			buildRules = (
			);
			dependencies = (
			);
			name = FoodTracker;
			productName = FoodTracker;
			productReference = A9B6192C1B123FDC003563E0 /* FoodTracker.app */;
			productType = "com.apple.product-type.application";
		};
		A9B619401B123FDC003563E0 /* FoodTrackerTests */ = {
			isa = PBXNativeTarget;
			buildConfigurationList = A9B6194E1B123FDC003563E0 /* Build configuration list for PBXNativeTarget "FoodTrackerTests" */;
			buildPhases = (
				A9B6193D1B123FDC003563E0 /* Sources */,
				A9B6193E1B123FDC003563E0 /* Frameworks */,
				A9B6193F1B123FDC003563E0 /* Resources */,
			);
			buildRules = (
			);
			dependencies = (
				A9B619431B123FDC003563E0 /* PBXTargetDependency */,
			);
			name = FoodTrackerTests;
			productName = FoodTrackerTests;
			productReference = A9B619411B123FDC003563E0 /* FoodTrackerTests.xctest */;
			productType = "com.apple.product-type.bundle.unit-test";
		};
/* End PBXNativeTarget section */

/* Begin PBXProject section */
		A9B619241B123FDC003563E0 /* Project object */ = {
			isa = PBXProject;
			attributes = {
				LastUpgradeCheck = 0630;
				ORGANIZATIONNAME = Twig;
				TargetAttributes = {
					A9B6192B1B123FDC003563E0 = {
						CreatedOnToolsVersion = 6.3.2;
					};
					A9B619401B123FDC003563E0 = {
						CreatedOnToolsVersion = 6.3.2;
						TestTargetID = A9B6192B1B123FDC003563E0;
					};
				};
			};
			buildConfigurationList = A9B619271B123FDC003563E0 /* Build configuration list for PBXProject "FoodTracker" */;
			compatibilityVersion = "Xcode 3.2";
			developmentRegion = English;
			hasScannedForEncodings = 0;
			knownRegions = (
				en,
				Base,
			);
			mainGroup = A9B619231B123FDC003563E0;
			productRefGroup = A9B6192D1B123FDC003563E0 /* Products */;
			projectDirPath = "";
			projectRoot = "";
			targets = (
				A9B6192B1B123FDC003563E0 /* FoodTracker */,
				A9B619401B123FDC003563E0 /* FoodTrackerTests */,
			);
		};
/* End PBXProject section */

/* Begin PBXResourcesBuildPhase section */
		A9B6192A1B123FDC003563E0 /* Resources */ = {
			isa = PBXResourcesBuildPhase;
			buildActionMask = 2147483647;
			files = (
				A9B619371B123FDC003563E0 /* Main.storyboard in Resources */,
				A9B6193C1B123FDC003563E0 /* LaunchScreen.xib in Resources */,
				A9B619391B123FDC003563E0 /* Images.xcassets in Resources */,
			);
			runOnlyForDeploymentPostprocessing = 0;
		};
		A9B6193F1B123FDC003563E0 /* Resources */ = {
			isa = PBXResourcesBuildPhase;
			buildActionMask = 2147483647;
			files = (
			);
			runOnlyForDeploymentPostprocessing = 0;
		};
/* End PBXResourcesBuildPhase section */

/* Begin PBXSourcesBuildPhase section */
		A9B619281B123FDC003563E0 /* Sources */ = {
			isa = PBXSourcesBuildPhase;
			buildActionMask = 2147483647;
			files = (
				A9460AE01B13651B00B213B6 /* DetailViewController.swift in Sources */,
				A938C58B1B247D6500BB59B8 /* DataController.swift in Sources */,
				A9B619341B123FDC003563E0 /* ViewController.swift in Sources */,
				A9E647B31B2637090065BC80 /* USDAItem.swift in Sources */,
				A9E647AF1B25D65B0065BC80 /* FoodTracker.xcdatamodeld in Sources */,
				A9B619321B123FDC003563E0 /* AppDelegate.swift in Sources */,
			);
			runOnlyForDeploymentPostprocessing = 0;
		};
		A9B6193D1B123FDC003563E0 /* Sources */ = {
			isa = PBXSourcesBuildPhase;
			buildActionMask = 2147483647;
			files = (
				A9B619481B123FDC003563E0 /* FoodTrackerTests.swift in Sources */,
			);
			runOnlyForDeploymentPostprocessing = 0;
		};
/* End PBXSourcesBuildPhase section */

/* Begin PBXTargetDependency section */
		A9B619431B123FDC003563E0 /* PBXTargetDependency */ = {
			isa = PBXTargetDependency;
			target = A9B6192B1B123FDC003563E0 /* FoodTracker */;
			targetProxy = A9B619421B123FDC003563E0 /* PBXContainerItemProxy */;
		};
/* End PBXTargetDependency section */

/* Begin PBXVariantGroup section */
		A9B619351B123FDC003563E0 /* Main.storyboard */ = {
			isa = PBXVariantGroup;
			children = (
				A9B619361B123FDC003563E0 /* Base */,
			);
			name = Main.storyboard;
			sourceTree = "<group>";
		};
		A9B6193A1B123FDC003563E0 /* LaunchScreen.xib */ = {
			isa = PBXVariantGroup;
			children = (
				A9B6193B1B123FDC003563E0 /* Base */,
			);
			name = LaunchScreen.xib;
			sourceTree = "<group>";
		};
/* End PBXVariantGroup section */

/* Begin XCBuildConfiguration section */
		A9B619491B123FDC003563E0 /* Debug */ = {
			isa = XCBuildConfiguration;
			buildSettings = {
				ALWAYS_SEARCH_USER_PATHS = NO;
				CLANG_CXX_LANGUAGE_STANDARD = "gnu++0x";
				CLANG_CXX_LIBRARY = "libc++";
				CLANG_ENABLE_MODULES = YES;
				CLANG_ENABLE_OBJC_ARC = YES;
				CLANG_WARN_BOOL_CONVERSION = YES;
				CLANG_WARN_CONSTANT_CONVERSION = YES;
				CLANG_WARN_DIRECT_OBJC_ISA_USAGE = YES_ERROR;
				CLANG_WARN_EMPTY_BODY = YES;
				CLANG_WARN_ENUM_CONVERSION = YES;
				CLANG_WARN_INT_CONVERSION = YES;
				CLANG_WARN_OBJC_ROOT_CLASS = YES_ERROR;
				CLANG_WARN_UNREACHABLE_CODE = YES;
				CLANG_WARN__DUPLICATE_METHOD_MATCH = YES;
				"CODE_SIGN_IDENTITY[sdk=iphoneos*]" = "iPhone Developer";
				COPY_PHASE_STRIP = NO;
				DEBUG_INFORMATION_FORMAT = "dwarf-with-dsym";
				ENABLE_STRICT_OBJC_MSGSEND = YES;
				GCC_C_LANGUAGE_STANDARD = gnu99;
				GCC_DYNAMIC_NO_PIC = NO;
				GCC_NO_COMMON_BLOCKS = YES;
				GCC_OPTIMIZATION_LEVEL = 0;
				GCC_PREPROCESSOR_DEFINITIONS = (
					"DEBUG=1",
					"$(inherited)",
				);
				GCC_SYMBOLS_PRIVATE_EXTERN = NO;
				GCC_WARN_64_TO_32_BIT_CONVERSION = YES;
				GCC_WARN_ABOUT_RETURN_TYPE = YES_ERROR;
				GCC_WARN_UNDECLARED_SELECTOR = YES;
				GCC_WARN_UNINITIALIZED_AUTOS = YES_AGGRESSIVE;
				GCC_WARN_UNUSED_FUNCTION = YES;
				GCC_WARN_UNUSED_VARIABLE = YES;
				IPHONEOS_DEPLOYMENT_TARGET = 8.3;
				MTL_ENABLE_DEBUG_INFO = YES;
				ONLY_ACTIVE_ARCH = YES;
				SDKROOT = iphoneos;
				SWIFT_OPTIMIZATION_LEVEL = "-Onone";
				TARGETED_DEVICE_FAMILY = "1,2";
			};
			name = Debug;
		};
		A9B6194A1B123FDC003563E0 /* Release */ = {
			isa = XCBuildConfiguration;
			buildSettings = {
				ALWAYS_SEARCH_USER_PATHS = NO;
				CLANG_CXX_LANGUAGE_STANDARD = "gnu++0x";
				CLANG_CXX_LIBRARY = "libc++";
				CLANG_ENABLE_MODULES = YES;
				CLANG_ENABLE_OBJC_ARC = YES;
				CLANG_WARN_BOOL_CONVERSION = YES;
				CLANG_WARN_CONSTANT_CONVERSION = YES;
				CLANG_WARN_DIRECT_OBJC_ISA_USAGE = YES_ERROR;
				CLANG_WARN_EMPTY_BODY = YES;
				CLANG_WARN_ENUM_CONVERSION = YES;
				CLANG_WARN_INT_CONVERSION = YES;
				CLANG_WARN_OBJC_ROOT_CLASS = YES_ERROR;
				CLANG_WARN_UNREACHABLE_CODE = YES;
				CLANG_WARN__DUPLICATE_METHOD_MATCH = YES;
				"CODE_SIGN_IDENTITY[sdk=iphoneos*]" = "iPhone Developer";
				COPY_PHASE_STRIP = NO;
				DEBUG_INFORMATION_FORMAT = "dwarf-with-dsym";
				ENABLE_NS_ASSERTIONS = NO;
				ENABLE_STRICT_OBJC_MSGSEND = YES;
				GCC_C_LANGUAGE_STANDARD = gnu99;
				GCC_NO_COMMON_BLOCKS = YES;
				GCC_WARN_64_TO_32_BIT_CONVERSION = YES;
				GCC_WARN_ABOUT_RETURN_TYPE = YES_ERROR;
				GCC_WARN_UNDECLARED_SELECTOR = YES;
				GCC_WARN_UNINITIALIZED_AUTOS = YES_AGGRESSIVE;
				GCC_WARN_UNUSED_FUNCTION = YES;
				GCC_WARN_UNUSED_VARIABLE = YES;
				IPHONEOS_DEPLOYMENT_TARGET = 8.3;
				MTL_ENABLE_DEBUG_INFO = NO;
				SDKROOT = iphoneos;
				TARGETED_DEVICE_FAMILY = "1,2";
				VALIDATE_PRODUCT = YES;
			};
			name = Release;
		};
		A9B6194C1B123FDC003563E0 /* Debug */ = {
			isa = XCBuildConfiguration;
			buildSettings = {
				ASSETCATALOG_COMPILER_APPICON_NAME = AppIcon;
				INFOPLIST_FILE = FoodTracker/Info.plist;
				LD_RUNPATH_SEARCH_PATHS = "$(inherited) @executable_path/Frameworks";
				PRODUCT_NAME = "$(TARGET_NAME)";
			};
			name = Debug;
		};
		A9B6194D1B123FDC003563E0 /* Release */ = {
			isa = XCBuildConfiguration;
			buildSettings = {
				ASSETCATALOG_COMPILER_APPICON_NAME = AppIcon;
				INFOPLIST_FILE = FoodTracker/Info.plist;
				LD_RUNPATH_SEARCH_PATHS = "$(inherited) @executable_path/Frameworks";
				PRODUCT_NAME = "$(TARGET_NAME)";
			};
			name = Release;
		};
		A9B6194F1B123FDC003563E0 /* Debug */ = {
			isa = XCBuildConfiguration;
			buildSettings = {
				BUNDLE_LOADER = "$(TEST_HOST)";
				FRAMEWORK_SEARCH_PATHS = (
					"$(SDKROOT)/Developer/Library/Frameworks",
					"$(inherited)",
				);
				GCC_PREPROCESSOR_DEFINITIONS = (
					"DEBUG=1",
					"$(inherited)",
				);
				INFOPLIST_FILE = FoodTrackerTests/Info.plist;
				LD_RUNPATH_SEARCH_PATHS = "$(inherited) @executable_path/Frameworks @loader_path/Frameworks";
				PRODUCT_NAME = "$(TARGET_NAME)";
				TEST_HOST = "$(BUILT_PRODUCTS_DIR)/FoodTracker.app/FoodTracker";
			};
			name = Debug;
		};
		A9B619501B123FDC003563E0 /* Release */ = {
			isa = XCBuildConfiguration;
			buildSettings = {
				BUNDLE_LOADER = "$(TEST_HOST)";
				FRAMEWORK_SEARCH_PATHS = (
					"$(SDKROOT)/Developer/Library/Frameworks",
					"$(inherited)",
				);
				INFOPLIST_FILE = FoodTrackerTests/Info.plist;
				LD_RUNPATH_SEARCH_PATHS = "$(inherited) @executable_path/Frameworks @loader_path/Frameworks";
				PRODUCT_NAME = "$(TARGET_NAME)";
				TEST_HOST = "$(BUILT_PRODUCTS_DIR)/FoodTracker.app/FoodTracker";
			};
			name = Release;
		};
/* End XCBuildConfiguration section */

/* Begin XCConfigurationList section */
		A9B619271B123FDC003563E0 /* Build configuration list for PBXProject "FoodTracker" */ = {
			isa = XCConfigurationList;
			buildConfigurations = (
				A9B619491B123FDC003563E0 /* Debug */,
				A9B6194A1B123FDC003563E0 /* Release */,
			);
			defaultConfigurationIsVisible = 0;
			defaultConfigurationName = Release;
		};
		A9B6194B1B123FDC003563E0 /* Build configuration list for PBXNativeTarget "FoodTracker" */ = {
			isa = XCConfigurationList;
			buildConfigurations = (
				A9B6194C1B123FDC003563E0 /* Debug */,
				A9B6194D1B123FDC003563E0 /* Release */,
			);
			defaultConfigurationIsVisible = 0;
			defaultConfigurationName = Release;
		};
		A9B6194E1B123FDC003563E0 /* Build configuration list for PBXNativeTarget "FoodTrackerTests" */ = {
			isa = XCConfigurationList;
			buildConfigurations = (
				A9B6194F1B123FDC003563E0 /* Debug */,
				A9B619501B123FDC003563E0 /* Release */,
			);
			defaultConfigurationIsVisible = 0;
			defaultConfigurationName = Release;
		};
/* End XCConfigurationList section */

/* Begin XCVersionGroup section */
		A9E647AD1B25D65B0065BC80 /* FoodTracker.xcdatamodeld */ = {
			isa = XCVersionGroup;
			children = (
				A9E647AE1B25D65B0065BC80 /* FoodTracker.xcdatamodel */,
			);
			currentVersion = A9E647AE1B25D65B0065BC80 /* FoodTracker.xcdatamodel */;
			path = FoodTracker.xcdatamodeld;
			sourceTree = "<group>";
			versionGroupType = wrapper.xcdatamodel;
		};
/* End XCVersionGroup section */
	};
	rootObject = A9B619241B123FDC003563E0 /* Project object */;
}
